
Microsoft Visual Studio Solution File, Format Version 12.00
# Visual Studio Version 17
VisualStudioVersion = 17.1.32210.238
MinimumVisualStudioVersion = 10.0.40219.1
Project("{9A19103F-16F7-4668-BE54-9A1E7A4F7556}") = "MqttPub", "MqttPub.csproj", "{82AA6FFB-EAEC-4F38-8B7D-6F28B46A350A}"
EndProject
Global
	GlobalSection(SolutionConfigurationPlatforms) = preSolution
		Debug|Any CPU = Debug|Any CPU
		Release|Any CPU = Release|Any CPU
	EndGlobalSection
	GlobalSection(ProjectConfigurationPlatforms) = postSolution
		{82AA6FFB-EAEC-4F38-8B7D-6F28B46A350A}.Debug|Any CPU.ActiveCfg = Debug|Any CPU
		{82AA6FFB-EAEC-4F38-8B7D-6F28B46A350A}.Debug|Any CPU.Build.0 = Debug|Any CPU
		{82AA6FFB-EAEC-4F38-8B7D-6F28B46A350A}.Release|Any CPU.ActiveCfg = Release|Any CPU
		{82AA6FFB-EAEC-4F38-8B7D-6F28B46A350A}.Release|Any CPU.Build.0 = Release|Any CPU
	EndGlobalSection
	GlobalSection(SolutionProperties) = preSolution
		HideSolutionNode = FALSE
	EndGlobalSection
	GlobalSection(ExtensibilityGlobals) = postSolution
		SolutionGuid = {8CC260AB-5847-45C7-9F8B-EC9E25AB6B00}
	EndGlobalSection
EndGlobal
