
Microsoft Visual Studio Solution File, Format Version 12.00
# Visual Studio Version 17
VisualStudioVersion = 17.1.32210.238
MinimumVisualStudioVersion = 10.0.40219.1
Project("{FAE04EC0-301F-11D3-BF4B-00C04F79EFBC}") = "MqttPub", "MqttPub\MqttPub.csproj", "{A2FFA350-738C-497E-BE4E-AD12C559197B}"
EndProject
Global
	GlobalSection(SolutionConfigurationPlatforms) = preSolution
		Debug|Any CPU = Debug|Any CPU
		Release|Any CPU = Release|Any CPU
	EndGlobalSection
	GlobalSection(ProjectConfigurationPlatforms) = postSolution
		{A2FFA350-738C-497E-BE4E-AD12C559197B}.Debug|Any CPU.ActiveCfg = Debug|Any CPU
		{A2FFA350-738C-497E-BE4E-AD12C559197B}.Debug|Any CPU.Build.0 = Debug|Any CPU
		{A2FFA350-738C-497E-BE4E-AD12C559197B}.Release|Any CPU.ActiveCfg = Release|Any CPU
		{A2FFA350-738C-497E-BE4E-AD12C559197B}.Release|Any CPU.Build.0 = Release|Any CPU
	EndGlobalSection
	GlobalSection(SolutionProperties) = preSolution
		HideSolutionNode = FALSE
	EndGlobalSection
	GlobalSection(ExtensibilityGlobals) = postSolution
		SolutionGuid = {B4D003C0-5E46-478F-B1E8-2767E83D36BD}
	EndGlobalSection
EndGlobal
